{
  "name": "orta-api",
  "version": "1.0.0",
  "lockfileVersion": 1,
  "requires": true,
  "dependencies": {
    "@prisma/client": {
      "version": "2.0.0-preview020.3",
      "resolved": "https://registry.npmjs.org/@prisma/client/-/client-2.0.0-preview020.3.tgz",
      "integrity": "sha512-W+CXyj8Z1UFpWXDMMUTql2QdtxfDrNKYa2F7jdU/Qb5PKBankmQeDlUSWfBNWAoTHUREQ5Q+gGOFRVoHfMvaow=="
    },
    "prisma2": {
      "version": "2.0.0-preview020.3",
      "resolved": "https://registry.npmjs.org/prisma2/-/prisma2-2.0.0-preview020.3.tgz",
      "integrity": "sha512-jQrN+wNxz0fn0XDIUYo3gnQ9n28YwY1r9zuSlWY+3Lb74Uj50O3rBU7AA926hukXRQBm5Aorb4Mp5t5MDLP4Lg==",
      "dev": true
    }
  }
}
